
Microsoft Visual Studio Solution File, Format Version 12.00
# Visual Studio Version 17
VisualStudioVersion = 17.2.32616.157
MinimumVisualStudioVersion = 10.0.40219.1
Project("{FAE04EC0-301F-11D3-BF4B-00C04F79EFBC}") = "aiProj", "aiProj.csproj", "{79C0E39D-E5FA-4559-B6FE-B2D60D50CF84}"
EndProject
Project("{FAE04EC0-301F-11D3-BF4B-00C04F79EFBC}") = "DAL", "..\DAL\DAL.csproj", "{B9DDE6DB-0921-4EF1-A5C7-D2B8EB5A1012}"
EndProject
Project("{FAE04EC0-301F-11D3-BF4B-00C04F79EFBC}") = "Domain", "..\Domain\Domain.csproj", "{EE72DC65-F6BE-44DB-BFF5-AD689C9895E6}"
EndProject
Global
	GlobalSection(SolutionConfigurationPlatforms) = preSolution
		Debug|Any CPU = Debug|Any CPU
		Release|Any CPU = Release|Any CPU
	EndGlobalSection
	GlobalSection(ProjectConfigurationPlatforms) = postSolution
		{79C0E39D-E5FA-4559-B6FE-B2D60D50CF84}.Debug|Any CPU.ActiveCfg = Debug|Any CPU
		{79C0E39D-E5FA-4559-B6FE-B2D60D50CF84}.Debug|Any CPU.Build.0 = Debug|Any CPU
		{79C0E39D-E5FA-4559-B6FE-B2D60D50CF84}.Release|Any CPU.ActiveCfg = Release|Any CPU
		{79C0E39D-E5FA-4559-B6FE-B2D60D50CF84}.Release|Any CPU.Build.0 = Release|Any CPU
		{B9DDE6DB-0921-4EF1-A5C7-D2B8EB5A1012}.Debug|Any CPU.ActiveCfg = Debug|Any CPU
		{B9DDE6DB-0921-4EF1-A5C7-D2B8EB5A1012}.Debug|Any CPU.Build.0 = Debug|Any CPU
		{B9DDE6DB-0921-4EF1-A5C7-D2B8EB5A1012}.Release|Any CPU.ActiveCfg = Release|Any CPU
		{B9DDE6DB-0921-4EF1-A5C7-D2B8EB5A1012}.Release|Any CPU.Build.0 = Release|Any CPU
		{EE72DC65-F6BE-44DB-BFF5-AD689C9895E6}.Debug|Any CPU.ActiveCfg = Debug|Any CPU
		{EE72DC65-F6BE-44DB-BFF5-AD689C9895E6}.Debug|Any CPU.Build.0 = Debug|Any CPU
		{EE72DC65-F6BE-44DB-BFF5-AD689C9895E6}.Release|Any CPU.ActiveCfg = Release|Any CPU
		{EE72DC65-F6BE-44DB-BFF5-AD689C9895E6}.Release|Any CPU.Build.0 = Release|Any CPU
	EndGlobalSection
	GlobalSection(SolutionProperties) = preSolution
		HideSolutionNode = FALSE
	EndGlobalSection
	GlobalSection(ExtensibilityGlobals) = postSolution
		SolutionGuid = {CC342723-CC73-4CF3-9EC1-4AC259675536}
	EndGlobalSection
EndGlobal
